
Microsoft Visual Studio Solution File, Format Version 12.00
# Visual Studio 15
VisualStudioVersion = 15.0.28307.106
MinimumVisualStudioVersion = 10.0.40219.1
Project("{FAE04EC0-301F-11D3-BF4B-00C04F79EFBC}") = "CreditSuisse_LogParser", "CreditSuisse_LogParser\CreditSuisse_LogParser.csproj", "{645996E0-0F56-4DA8-850A-0AAB2BCF5F84}"
EndProject
Project("{FAE04EC0-301F-11D3-BF4B-00C04F79EFBC}") = "CreditSuisse_LogParser.Logic", "CreditSuisse_LogParser.Logic\CreditSuisse_LogParser.Logic.csproj", "{DED9F669-BD20-42D2-A8ED-D93B32F1E556}"
EndProject
Project("{FAE04EC0-301F-11D3-BF4B-00C04F79EFBC}") = "CreditSuisse_LogParser.Tests", "CreditSuisse_LogParser.Tests\CreditSuisse_LogParser.Tests.csproj", "{AEA20552-C065-4883-9F37-ACF121B2D288}"
EndProject
Global
	GlobalSection(SolutionConfigurationPlatforms) = preSolution
		Debug|Any CPU = Debug|Any CPU
		Release|Any CPU = Release|Any CPU
	EndGlobalSection
	GlobalSection(ProjectConfigurationPlatforms) = postSolution
		{645996E0-0F56-4DA8-850A-0AAB2BCF5F84}.Debug|Any CPU.ActiveCfg = Debug|Any CPU
		{645996E0-0F56-4DA8-850A-0AAB2BCF5F84}.Debug|Any CPU.Build.0 = Debug|Any CPU
		{645996E0-0F56-4DA8-850A-0AAB2BCF5F84}.Release|Any CPU.ActiveCfg = Release|Any CPU
		{645996E0-0F56-4DA8-850A-0AAB2BCF5F84}.Release|Any CPU.Build.0 = Release|Any CPU
		{DED9F669-BD20-42D2-A8ED-D93B32F1E556}.Debug|Any CPU.ActiveCfg = Debug|Any CPU
		{DED9F669-BD20-42D2-A8ED-D93B32F1E556}.Debug|Any CPU.Build.0 = Debug|Any CPU
		{DED9F669-BD20-42D2-A8ED-D93B32F1E556}.Release|Any CPU.ActiveCfg = Release|Any CPU
		{DED9F669-BD20-42D2-A8ED-D93B32F1E556}.Release|Any CPU.Build.0 = Release|Any CPU
		{AEA20552-C065-4883-9F37-ACF121B2D288}.Debug|Any CPU.ActiveCfg = Debug|Any CPU
		{AEA20552-C065-4883-9F37-ACF121B2D288}.Debug|Any CPU.Build.0 = Debug|Any CPU
		{AEA20552-C065-4883-9F37-ACF121B2D288}.Release|Any CPU.ActiveCfg = Release|Any CPU
		{AEA20552-C065-4883-9F37-ACF121B2D288}.Release|Any CPU.Build.0 = Release|Any CPU
	EndGlobalSection
	GlobalSection(SolutionProperties) = preSolution
		HideSolutionNode = FALSE
	EndGlobalSection
	GlobalSection(ExtensibilityGlobals) = postSolution
		SolutionGuid = {1D8FC88D-43E9-40F7-809C-64DFD767E747}
	EndGlobalSection
EndGlobal
